
Microsoft Visual Studio Solution File, Format Version 12.00
# Visual Studio Version 16
VisualStudioVersion = 16.0.29709.97
MinimumVisualStudioVersion = 10.0.40219.1
Project("{FAE04EC0-301F-11D3-BF4B-00C04F79EFBC}") = "AICloud.API", "AICloud.API\AICloud.API.csproj", "{F7805680-B111-474A-A689-1F58D2B7D700}"
EndProject
Global
	GlobalSection(SolutionConfigurationPlatforms) = preSolution
		Debug|Any CPU = Debug|Any CPU
		Release|Any CPU = Release|Any CPU
	EndGlobalSection
	GlobalSection(ProjectConfigurationPlatforms) = postSolution
		{F7805680-B111-474A-A689-1F58D2B7D700}.Debug|Any CPU.ActiveCfg = Debug|Any CPU
		{F7805680-B111-474A-A689-1F58D2B7D700}.Debug|Any CPU.Build.0 = Debug|Any CPU
		{F7805680-B111-474A-A689-1F58D2B7D700}.Release|Any CPU.ActiveCfg = Release|Any CPU
		{F7805680-B111-474A-A689-1F58D2B7D700}.Release|Any CPU.Build.0 = Release|Any CPU
	EndGlobalSection
	GlobalSection(SolutionProperties) = preSolution
		HideSolutionNode = FALSE
	EndGlobalSection
	GlobalSection(ExtensibilityGlobals) = postSolution
		SolutionGuid = {FFD39433-EB93-4657-BDF4-0F150B2D175B}
	EndGlobalSection
EndGlobal
